
Microsoft Visual Studio Solution File, Format Version 12.00
# Visual Studio Version 16
VisualStudioVersion = 16.0.32106.194
MinimumVisualStudioVersion = 10.0.40219.1
Project("{FAE04EC0-301F-11D3-BF4B-00C04F79EFBC}") = "FoodMapMVC", "FoodMapMVC\FoodMapMVC.csproj", "{C55F1D10-B717-486C-B564-7E67DBA78C42}"
EndProject
Global
	GlobalSection(SolutionConfigurationPlatforms) = preSolution
		Debug|Any CPU = Debug|Any CPU
		Release|Any CPU = Release|Any CPU
	EndGlobalSection
	GlobalSection(ProjectConfigurationPlatforms) = postSolution
		{C55F1D10-B717-486C-B564-7E67DBA78C42}.Debug|Any CPU.ActiveCfg = Debug|Any CPU
		{C55F1D10-B717-486C-B564-7E67DBA78C42}.Debug|Any CPU.Build.0 = Debug|Any CPU
		{C55F1D10-B717-486C-B564-7E67DBA78C42}.Release|Any CPU.ActiveCfg = Release|Any CPU
		{C55F1D10-B717-486C-B564-7E67DBA78C42}.Release|Any CPU.Build.0 = Release|Any CPU
	EndGlobalSection
	GlobalSection(SolutionProperties) = preSolution
		HideSolutionNode = FALSE
	EndGlobalSection
	GlobalSection(ExtensibilityGlobals) = postSolution
		SolutionGuid = {18D9D7EC-A69B-4E9D-8623-0B702513DDD3}
	EndGlobalSection
EndGlobal
